{
  "format_version": "1.1",
  "terraform_version": "1.2.3",
  "variables": {
    "other_aws_vpc_cidr_block": {
      "value": "10.0.0.0/16"
    },
    "other_aws_vpc_cidr_newbits": {
      "value": 4
    },
    "ts_aws_vpc_cidr_block": {
      "value": "10.0.0.0/16"
    },
    "ts_aws_vpc_cidr_newbits": {
      "value": 4
    }
  },
  "planned_values": {
    "root_module": {
      "resources": [
        {
          "address": "aws_eip.ts_aws_eip_nat",
          "mode": "managed",
          "type": "aws_eip",
          "name": "ts_aws_eip_nat",
          "provider_name": "registry.terraform.io/hashicorp/aws",
          "schema_version": 0,
          "values": {
            "address": null,
            "associate_with_private_ip": null,
            "customer_owned_ipv4_pool": null,
            "tags": null,
            "timeouts": null,
            "vpc": true
          },
          "sensitive_values": {
            "tags_all": {}
          }
        },
        {
          "address": "aws_internet_gateway.ts_aws_internet_gateway",
          "mode": "managed",
          "type": "aws_internet_gateway",
          "name": "ts_aws_internet_gateway",
          "provider_name": "registry.terraform.io/hashicorp/aws",
          "schema_version": 0,
          "values": {
            "tags": null,
            "timeouts": null
          },
          "sensitive_values": {
            "tags_all": {}
          }
        },
        {
          "address": "aws_nat_gateway.ts_aws_nat_gateway",
          "mode": "managed",
          "type": "aws_nat_gateway",
          "name": "ts_aws_nat_gateway",
          "provider_name": "registry.terraform.io/hashicorp/aws",
          "schema_version": 0,
          "values": {
            "connectivity_type": "public",
            "tags": null
          },
          "sensitive_values": {
            "tags_all": {}
          }
        },
        {
          "address": "aws_route.ts_aws_route_private_ngw",
          "mode": "managed",
          "type": "aws_route",
          "name": "ts_aws_route_private_ngw",
          "provider_name": "registry.terraform.io/hashicorp/aws",
          "schema_version": 0,
          "values": {
            "carrier_gateway_id": null,
            "core_network_arn": null,
            "destination_cidr_block": "0.0.0.0/0",
            "destination_ipv6_cidr_block": null,
            "destination_prefix_list_id": null,
            "egress_only_gateway_id": null,
            "gateway_id": null,
            "local_gateway_id": null,
            "timeouts": null,
            "transit_gateway_id": null,
            "vpc_endpoint_id": null,
            "vpc_peering_connection_id": null
          },
          "sensitive_values": {}
        },
        {
          "address": "aws_route.ts_aws_route_public_igw",
          "mode": "managed",
          "type": "aws_route",
          "name": "ts_aws_route_public_igw",
          "provider_name": "registry.terraform.io/hashicorp/aws",
          "schema_version": 0,
          "values": {
            "carrier_gateway_id": null,
            "core_network_arn": null,
            "destination_cidr_block": "0.0.0.0/0",
            "destination_ipv6_cidr_block": null,
            "destination_prefix_list_id": null,
            "egress_only_gateway_id": null,
            "local_gateway_id": null,
            "nat_gateway_id": null,
            "timeouts": null,
            "transit_gateway_id": null,
            "vpc_endpoint_id": null,
            "vpc_peering_connection_id": null
          },
          "sensitive_values": {}
        },
        {
          "address": "aws_route_table.ts_aws_route_table_private_isolated",
          "mode": "managed",
          "type": "aws_route_table",
          "name": "ts_aws_route_table_private_isolated",
          "provider_name": "registry.terraform.io/hashicorp/aws",
          "schema_version": 0,
          "values": {
            "tags": null,
            "timeouts": null
          },
          "sensitive_values": {
            "propagating_vgws": [],
            "route": [],
            "tags_all": {}
          }
        },
        {
          "address": "aws_route_table.ts_aws_route_table_private_ngw",
          "mode": "managed",
          "type": "aws_route_table",
          "name": "ts_aws_route_table_private_ngw",
          "provider_name": "registry.terraform.io/hashicorp/aws",
          "schema_version": 0,
          "values": {
            "tags": null,
            "timeouts": null
          },
          "sensitive_values": {
            "propagating_vgws": [],
            "route": [],
            "tags_all": {}
          }
        },
        {
          "address": "aws_route_table.ts_aws_route_table_public_igw",
          "mode": "managed",
          "type": "aws_route_table",
          "name": "ts_aws_route_table_public_igw",
          "provider_name": "registry.terraform.io/hashicorp/aws",
          "schema_version": 0,
          "values": {
            "tags": null,
            "timeouts": null
          },
          "sensitive_values": {
            "propagating_vgws": [],
            "route": [],
            "tags_all": {}
          }
        },
        {
          "address": "aws_route_table_association.ts_aws_route_table_association_private_isolated",
          "mode": "managed",
          "type": "aws_route_table_association",
          "name": "ts_aws_route_table_association_private_isolated",
          "provider_name": "registry.terraform.io/hashicorp/aws",
          "schema_version": 0,
          "values": {
            "gateway_id": null
          },
          "sensitive_values": {}
        },
        {
          "address": "aws_route_table_association.ts_aws_route_table_association_private_ngw",
          "mode": "managed",
          "type": "aws_route_table_association",
          "name": "ts_aws_route_table_association_private_ngw",
          "provider_name": "registry.terraform.io/hashicorp/aws",
          "schema_version": 0,
          "values": {
            "gateway_id": null
          },
          "sensitive_values": {}
        },
        {
          "address": "aws_route_table_association.ts_aws_route_table_association_public_igw",
          "mode": "managed",
          "type": "aws_route_table_association",
          "name": "ts_aws_route_table_association_public_igw",
          "provider_name": "registry.terraform.io/hashicorp/aws",
          "schema_version": 0,
          "values": {
            "gateway_id": null
          },
          "sensitive_values": {}
        },
        {
          "address": "aws_subnet.ts_aws_subnet_private_isolated",
          "mode": "managed",
          "type": "aws_subnet",
          "name": "ts_aws_subnet_private_isolated",
          "provider_name": "registry.terraform.io/hashicorp/aws",
          "schema_version": 1,
          "values": {
            "assign_ipv6_address_on_creation": false,
            "cidr_block": "10.0.48.0/20",
            "customer_owned_ipv4_pool": null,
            "enable_dns64": false,
            "enable_resource_name_dns_a_record_on_launch": false,
            "enable_resource_name_dns_aaaa_record_on_launch": false,
            "ipv6_cidr_block": null,
            "ipv6_native": false,
            "map_customer_owned_ip_on_launch": null,
            "map_public_ip_on_launch": false,
            "outpost_arn": null,
            "tags": null,
            "timeouts": null
          },
          "sensitive_values": {
            "tags_all": {}
          }
        },
        {
          "address": "aws_subnet.ts_aws_subnet_private_ngw",
          "mode": "managed",
          "type": "aws_subnet",
          "name": "ts_aws_subnet_private_ngw",
          "provider_name": "registry.terraform.io/hashicorp/aws",
          "schema_version": 1,
          "values": {
            "assign_ipv6_address_on_creation": false,
            "cidr_block": "10.0.32.0/20",
            "customer_owned_ipv4_pool": null,
            "enable_dns64": false,
            "enable_resource_name_dns_a_record_on_launch": false,
            "enable_resource_name_dns_aaaa_record_on_launch": false,
            "ipv6_cidr_block": null,
            "ipv6_native": false,
            "map_customer_owned_ip_on_launch": null,
            "map_public_ip_on_launch": false,
            "outpost_arn": null,
            "tags": null,
            "timeouts": null
          },
          "sensitive_values": {
            "tags_all": {}
          }
        },
        {
          "address": "aws_subnet.ts_aws_subnet_public_igw",
          "mode": "managed",
          "type": "aws_subnet",
          "name": "ts_aws_subnet_public_igw",
          "provider_name": "registry.terraform.io/hashicorp/aws",
          "schema_version": 1,
          "values": {
            "assign_ipv6_address_on_creation": false,
            "cidr_block": "10.0.16.0/20",
            "customer_owned_ipv4_pool": null,
            "enable_dns64": false,
            "enable_resource_name_dns_a_record_on_launch": false,
            "enable_resource_name_dns_aaaa_record_on_launch": false,
            "ipv6_cidr_block": null,
            "ipv6_native": false,
            "map_customer_owned_ip_on_launch": null,
            "map_public_ip_on_launch": true,
            "outpost_arn": null,
            "tags": null,
            "timeouts": null
          },
          "sensitive_values": {
            "tags_all": {}
          }
        },
        {
          "address": "aws_vpc.ts_aws_vpc",
          "mode": "managed",
          "type": "aws_vpc",
          "name": "ts_aws_vpc",
          "provider_name": "registry.terraform.io/hashicorp/aws",
          "schema_version": 1,
          "values": {
            "assign_generated_ipv6_cidr_block": null,
            "cidr_block": "10.0.0.0/16",
            "enable_dns_hostnames": true,
            "enable_dns_support": true,
            "instance_tenancy": "default",
            "ipv4_ipam_pool_id": null,
            "ipv4_netmask_length": null,
            "ipv6_ipam_pool_id": null,
            "ipv6_netmask_length": null,
            "ipv6_cidr_block": "0:0:0:0:0:0:0:1",
            "tags": null
          },
          "sensitive_values": {
            "tags_all": {}
          }
        }
      ]
    }
  },
  "resource_changes": [
    {
      "address": "aws_eip.ts_aws_eip_nat",
      "mode": "managed",
      "type": "aws_eip",
      "name": "ts_aws_eip_nat",
      "provider_name": "registry.terraform.io/hashicorp/aws",
      "change": {
        "actions": [
          "create"
        ],
        "before": null,
        "after": {
          "address": null,
          "associate_with_private_ip": null,
          "customer_owned_ipv4_pool": null,
          "tags": null,
          "timeouts": null,
          "vpc": true
        },
        "after_unknown": {
          "allocation_id": true,
          "association_id": true,
          "carrier_ip": true,
          "customer_owned_ip": true,
          "domain": true,
          "id": true,
          "instance": true,
          "network_border_group": true,
          "network_interface": true,
          "private_dns": true,
          "private_ip": true,
          "public_dns": true,
          "public_ip": true,
          "public_ipv4_pool": true,
          "tags_all": true
        },
        "before_sensitive": false,
        "after_sensitive": {
          "tags_all": {}
        }
      }
    },
    {
      "address": "aws_internet_gateway.ts_aws_internet_gateway",
      "mode": "managed",
      "type": "aws_internet_gateway",
      "name": "ts_aws_internet_gateway",
      "provider_name": "registry.terraform.io/hashicorp/aws",
      "change": {
        "actions": [
          "create"
        ],
        "before": null,
        "after": {
          "tags": null,
          "timeouts": null
        },
        "after_unknown": {
          "arn": true,
          "id": true,
          "owner_id": true,
          "tags_all": true,
          "vpc_id": true
        },
        "before_sensitive": false,
        "after_sensitive": {
          "tags_all": {}
        }
      }
    },
    {
      "address": "aws_nat_gateway.ts_aws_nat_gateway",
      "mode": "managed",
      "type": "aws_nat_gateway",
      "name": "ts_aws_nat_gateway",
      "provider_name": "registry.terraform.io/hashicorp/aws",
      "change": {
        "actions": [
          "create"
        ],
        "before": null,
        "after": {
          "connectivity_type": "public",
          "tags": null
        },
        "after_unknown": {
          "allocation_id": true,
          "id": true,
          "network_interface_id": true,
          "private_ip": true,
          "public_ip": true,
          "subnet_id": true,
          "tags_all": true
        },
        "before_sensitive": false,
        "after_sensitive": {
          "tags_all": {}
        }
      }
    },
    {
      "address": "aws_route.ts_aws_route_private_ngw",
      "mode": "managed",
      "type": "aws_route",
      "name": "ts_aws_route_private_ngw",
      "provider_name": "registry.terraform.io/hashicorp/aws",
      "change": {
        "actions": [
          "create"
        ],
        "before": null,
        "after": {
          "carrier_gateway_id": null,
          "core_network_arn": null,
          "destination_cidr_block": "0.0.0.0/0",
          "destination_ipv6_cidr_block": null,
          "destination_prefix_list_id": null,
          "egress_only_gateway_id": null,
          "gateway_id": null,
          "local_gateway_id": null,
          "timeouts": null,
          "transit_gateway_id": null,
          "vpc_endpoint_id": null,
          "vpc_peering_connection_id": null
        },
        "after_unknown": {
          "id": true,
          "instance_id": true,
          "instance_owner_id": true,
          "nat_gateway_id": true,
          "network_interface_id": true,
          "origin": true,
          "route_table_id": true,
          "state": true
        },
        "before_sensitive": false,
        "after_sensitive": {}
      }
    },
    {
      "address": "aws_route.ts_aws_route_public_igw",
      "mode": "managed",
      "type": "aws_route",
      "name": "ts_aws_route_public_igw",
      "provider_name": "registry.terraform.io/hashicorp/aws",
      "change": {
        "actions": [
          "create"
        ],
        "before": null,
        "after": {
          "carrier_gateway_id": null,
          "core_network_arn": null,
          "destination_cidr_block": "0.0.0.0/0",
          "destination_ipv6_cidr_block": null,
          "destination_prefix_list_id": null,
          "egress_only_gateway_id": null,
          "local_gateway_id": null,
          "nat_gateway_id": null,
          "timeouts": null,
          "transit_gateway_id": null,
          "vpc_endpoint_id": null,
          "vpc_peering_connection_id": null
        },
        "after_unknown": {
          "gateway_id": true,
          "id": true,
          "instance_id": true,
          "instance_owner_id": true,
          "network_interface_id": true,
          "origin": true,
          "route_table_id": true,
          "state": true
        },
        "before_sensitive": false,
        "after_sensitive": {}
      }
    },
    {
      "address": "aws_route_table.ts_aws_route_table_private_isolated",
      "mode": "managed",
      "type": "aws_route_table",
      "name": "ts_aws_route_table_private_isolated",
      "provider_name": "registry.terraform.io/hashicorp/aws",
      "change": {
        "actions": [
          "create"
        ],
        "before": null,
        "after": {
          "tags": null,
          "timeouts": null
        },
        "after_unknown": {
          "arn": true,
          "id": true,
          "owner_id": true,
          "propagating_vgws": true,
          "route": true,
          "tags_all": true,
          "vpc_id": true
        },
        "before_sensitive": false,
        "after_sensitive": {
          "propagating_vgws": [],
          "route": [],
          "tags_all": {}
        }
      }
    },
    {
      "address": "aws_route_table.ts_aws_route_table_private_ngw",
      "mode": "managed",
      "type": "aws_route_table",
      "name": "ts_aws_route_table_private_ngw",
      "provider_name": "registry.terraform.io/hashicorp/aws",
      "change": {
        "actions": [
          "create"
        ],
        "before": null,
        "after": {
          "tags": null,
          "timeouts": null
        },
        "after_unknown": {
          "arn": true,
          "id": true,
          "owner_id": true,
          "propagating_vgws": true,
          "route": true,
          "tags_all": true,
          "vpc_id": true
        },
        "before_sensitive": false,
        "after_sensitive": {
          "propagating_vgws": [],
          "route": [],
          "tags_all": {}
        }
      }
    },
    {
      "address": "aws_route_table.ts_aws_route_table_public_igw",
      "mode": "managed",
      "type": "aws_route_table",
      "name": "ts_aws_route_table_public_igw",
      "provider_name": "registry.terraform.io/hashicorp/aws",
      "change": {
        "actions": [
          "create"
        ],
        "before": null,
        "after": {
          "tags": null,
          "timeouts": null
        },
        "after_unknown": {
          "arn": true,
          "id": true,
          "owner_id": true,
          "propagating_vgws": true,
          "route": true,
          "tags_all": true,
          "vpc_id": true
        },
        "before_sensitive": false,
        "after_sensitive": {
          "propagating_vgws": [],
          "route": [],
          "tags_all": {}
        }
      }
    },
    {
      "address": "aws_route_table_association.ts_aws_route_table_association_private_isolated",
      "mode": "managed",
      "type": "aws_route_table_association",
      "name": "ts_aws_route_table_association_private_isolated",
      "provider_name": "registry.terraform.io/hashicorp/aws",
      "change": {
        "actions": [
          "create"
        ],
        "before": null,
        "after": {
          "gateway_id": null
        },
        "after_unknown": {
          "id": true,
          "route_table_id": true,
          "subnet_id": true
        },
        "before_sensitive": false,
        "after_sensitive": {}
      }
    },
    {
      "address": "aws_route_table_association.ts_aws_route_table_association_private_ngw",
      "mode": "managed",
      "type": "aws_route_table_association",
      "name": "ts_aws_route_table_association_private_ngw",
      "provider_name": "registry.terraform.io/hashicorp/aws",
      "change": {
        "actions": [
          "create"
        ],
        "before": null,
        "after": {
          "gateway_id": null
        },
        "after_unknown": {
          "id": true,
          "route_table_id": true,
          "subnet_id": true
        },
        "before_sensitive": false,
        "after_sensitive": {}
      }
    },
    {
      "address": "aws_route_table_association.ts_aws_route_table_association_public_igw",
      "mode": "managed",
      "type": "aws_route_table_association",
      "name": "ts_aws_route_table_association_public_igw",
      "provider_name": "registry.terraform.io/hashicorp/aws",
      "change": {
        "actions": [
          "create"
        ],
        "before": null,
        "after": {
          "gateway_id": null
        },
        "after_unknown": {
          "id": true,
          "route_table_id": true,
          "subnet_id": true
        },
        "before_sensitive": false,
        "after_sensitive": {}
      }
    },
    {
      "address": "aws_subnet.ts_aws_subnet_private_isolated",
      "mode": "managed",
      "type": "aws_subnet",
      "name": "ts_aws_subnet_private_isolated",
      "provider_name": "registry.terraform.io/hashicorp/aws",
      "change": {
        "actions": [
          "create"
        ],
        "before": null,
        "after": {
          "assign_ipv6_address_on_creation": false,
          "cidr_block": "10.0.48.0/20",
          "customer_owned_ipv4_pool": null,
          "enable_dns64": false,
          "enable_resource_name_dns_a_record_on_launch": false,
          "enable_resource_name_dns_aaaa_record_on_launch": false,
          "ipv6_cidr_block": null,
          "ipv6_native": false,
          "map_customer_owned_ip_on_launch": null,
          "map_public_ip_on_launch": false,
          "outpost_arn": null,
          "tags": null,
          "timeouts": null
        },
        "after_unknown": {
          "arn": true,
          "availability_zone": true,
          "availability_zone_id": true,
          "id": true,
          "ipv6_cidr_block_association_id": true,
          "owner_id": true,
          "private_dns_hostname_type_on_launch": true,
          "tags_all": true,
          "vpc_id": true
        },
        "before_sensitive": false,
        "after_sensitive": {
          "tags_all": {}
        }
      }
    },
    {
      "address": "aws_subnet.ts_aws_subnet_private_ngw",
      "mode": "managed",
      "type": "aws_subnet",
      "name": "ts_aws_subnet_private_ngw",
      "provider_name": "registry.terraform.io/hashicorp/aws",
      "change": {
        "actions": [
          "create"
        ],
        "before": null,
        "after": {
          "assign_ipv6_address_on_creation": false,
          "cidr_block": "10.0.32.0/20",
          "customer_owned_ipv4_pool": null,
          "enable_dns64": false,
          "enable_resource_name_dns_a_record_on_launch": false,
          "enable_resource_name_dns_aaaa_record_on_launch": false,
          "ipv6_cidr_block": null,
          "ipv6_native": false,
          "map_customer_owned_ip_on_launch": null,
          "map_public_ip_on_launch": false,
          "outpost_arn": null,
          "tags": null,
          "timeouts": null
        },
        "after_unknown": {
          "arn": true,
          "availability_zone": true,
          "availability_zone_id": true,
          "id": true,
          "ipv6_cidr_block_association_id": true,
          "owner_id": true,
          "private_dns_hostname_type_on_launch": true,
          "tags_all": true,
          "vpc_id": true
        },
        "before_sensitive": false,
        "after_sensitive": {
          "tags_all": {}
        }
      }
    },
    {
      "address": "aws_subnet.ts_aws_subnet_public_igw",
      "mode": "managed",
      "type": "aws_subnet",
      "name": "ts_aws_subnet_public_igw",
      "provider_name": "registry.terraform.io/hashicorp/aws",
      "change": {
        "actions": [
          "create"
        ],
        "before": null,
        "after": {
          "assign_ipv6_address_on_creation": false,
          "cidr_block": "10.0.16.0/20",
          "customer_owned_ipv4_pool": null,
          "enable_dns64": false,
          "enable_resource_name_dns_a_record_on_launch": false,
          "enable_resource_name_dns_aaaa_record_on_launch": false,
          "ipv6_cidr_block": null,
          "ipv6_native": false,
          "map_customer_owned_ip_on_launch": null,
          "map_public_ip_on_launch": true,
          "outpost_arn": null,
          "tags": null,
          "timeouts": null
        },
        "after_unknown": {
          "arn": true,
          "availability_zone": true,
          "availability_zone_id": true,
          "id": true,
          "ipv6_cidr_block_association_id": true,
          "owner_id": true,
          "private_dns_hostname_type_on_launch": true,
          "tags_all": true,
          "vpc_id": true
        },
        "before_sensitive": false,
        "after_sensitive": {
          "tags_all": {}
        }
      }
    },
    {
      "address": "aws_vpc.ts_aws_vpc",
      "mode": "managed",
      "type": "aws_vpc",
      "name": "ts_aws_vpc",
      "provider_name": "registry.terraform.io/hashicorp/aws",
      "change": {
        "actions": [
          "create"
        ],
        "before": null,
        "after": {
          "assign_generated_ipv6_cidr_block": null,
          "cidr_block": "10.0.0.0/16",
          "enable_dns_hostnames": true,
          "enable_dns_support": true,
          "instance_tenancy": "default",
          "ipv4_ipam_pool_id": null,
          "ipv4_netmask_length": null,
          "ipv6_ipam_pool_id": null,
          "ipv6_netmask_length": null,
          "tags": null
        },
        "after_unknown": {
          "arn": true,
          "default_network_acl_id": true,
          "default_route_table_id": true,
          "default_security_group_id": true,
          "dhcp_options_id": true,
          "enable_classiclink": true,
          "enable_classiclink_dns_support": true,
          "enable_network_address_usage_metrics": true,
          "id": true,
          "ipv6_association_id": true,
          "ipv6_cidr_block": true,
          "ipv6_cidr_block_network_border_group": true,
          "main_route_table_id": true,
          "owner_id": true,
          "tags_all": true
        },
        "before_sensitive": false,
        "after_sensitive": {
          "tags_all": {}
        }
      }
    }
  ],
  "configuration": {
    "provider_config": {
      "aws": {
        "name": "aws",
        "full_name": "registry.terraform.io/hashicorp/aws"
      }
    },
    "root_module": {
      "resources": [
        {
          "address": "aws_eip.ts_aws_eip_nat",
          "mode": "managed",
          "type": "aws_eip",
          "name": "ts_aws_eip_nat",
          "provider_config_key": "aws",
          "expressions": {
            "vpc": {
              "constant_value": true
            }
          },
          "schema_version": 0
        },
        {
          "address": "aws_internet_gateway.ts_aws_internet_gateway",
          "mode": "managed",
          "type": "aws_internet_gateway",
          "name": "ts_aws_internet_gateway",
          "provider_config_key": "aws",
          "expressions": {
            "vpc_id": {
              "references": [
                "aws_vpc.ts_aws_vpc.id",
                "aws_vpc.ts_aws_vpc"
              ]
            }
          },
          "schema_version": 0
        },
        {
          "address": "aws_nat_gateway.ts_aws_nat_gateway",
          "mode": "managed",
          "type": "aws_nat_gateway",
          "name": "ts_aws_nat_gateway",
          "provider_config_key": "aws",
          "expressions": {
            "allocation_id": {
              "references": [
                "aws_eip.ts_aws_eip_nat.id",
                "aws_eip.ts_aws_eip_nat"
              ]
            },
            "subnet_id": {
              "references": [
                "aws_subnet.ts_aws_subnet_public_igw.id",
                "aws_subnet.ts_aws_subnet_public_igw"
              ]
            }
          },
          "schema_version": 0,
          "depends_on": [
            "aws_internet_gateway.ts_aws_internet_gateway"
          ]
        },
        {
          "address": "aws_route.ts_aws_route_private_ngw",
          "mode": "managed",
          "type": "aws_route",
          "name": "ts_aws_route_private_ngw",
          "provider_config_key": "aws",
          "expressions": {
            "destination_cidr_block": {
              "constant_value": "0.0.0.0/0"
            },
            "nat_gateway_id": {
              "references": [
                "aws_nat_gateway.ts_aws_nat_gateway.id",
                "aws_nat_gateway.ts_aws_nat_gateway"
              ]
            },
            "route_table_id": {
              "references": [
                "aws_route_table.ts_aws_route_table_private_ngw.id",
                "aws_route_table.ts_aws_route_table_private_ngw"
              ]
            }
          },
          "schema_version": 0
        },
        {
          "address": "aws_route.ts_aws_route_public_igw",
          "mode": "managed",
          "type": "aws_route",
          "name": "ts_aws_route_public_igw",
          "provider_config_key": "aws",
          "expressions": {
            "destination_cidr_block": {
              "constant_value": "0.0.0.0/0"
            },
            "gateway_id": {
              "references": [
                "aws_internet_gateway.ts_aws_internet_gateway.id",
                "aws_internet_gateway.ts_aws_internet_gateway"
              ]
            },
            "route_table_id": {
              "references": [
                "aws_route_table.ts_aws_route_table_public_igw.id",
                "aws_route_table.ts_aws_route_table_public_igw"
              ]
            }
          },
          "schema_version": 0
        },
        {
          "address": "aws_route_table.ts_aws_route_table_private_isolated",
          "mode": "managed",
          "type": "aws_route_table",
          "name": "ts_aws_route_table_private_isolated",
          "provider_config_key": "aws",
          "expressions": {
            "vpc_id": {
              "references": [
                "aws_vpc.ts_aws_vpc.id",
                "aws_vpc.ts_aws_vpc"
              ]
            }
          },
          "schema_version": 0
        },
        {
          "address": "aws_route_table.ts_aws_route_table_private_ngw",
          "mode": "managed",
          "type": "aws_route_table",
          "name": "ts_aws_route_table_private_ngw",
          "provider_config_key": "aws",
          "expressions": {
            "vpc_id": {
              "references": [
                "aws_vpc.ts_aws_vpc.id",
                "aws_vpc.ts_aws_vpc"
              ]
            }
          },
          "schema_version": 0
        },
        {
          "address": "aws_route_table.ts_aws_route_table_public_igw",
          "mode": "managed",
          "type": "aws_route_table",
          "name": "ts_aws_route_table_public_igw",
          "provider_config_key": "aws",
          "expressions": {
            "vpc_id": {
              "references": [
                "aws_vpc.ts_aws_vpc.id",
                "aws_vpc.ts_aws_vpc"
              ]
            }
          },
          "schema_version": 0
        },
        {
          "address": "aws_route_table_association.ts_aws_route_table_association_private_isolated",
          "mode": "managed",
          "type": "aws_route_table_association",
          "name": "ts_aws_route_table_association_private_isolated",
          "provider_config_key": "aws",
          "expressions": {
            "route_table_id": {
              "references": [
                "aws_route_table.ts_aws_route_table_private_isolated.id",
                "aws_route_table.ts_aws_route_table_private_isolated"
              ]
            },
            "subnet_id": {
              "references": [
                "aws_subnet.ts_aws_subnet_private_isolated.id",
                "aws_subnet.ts_aws_subnet_private_isolated"
              ]
            }
          },
          "schema_version": 0
        },
        {
          "address": "aws_route_table_association.ts_aws_route_table_association_private_ngw",
          "mode": "managed",
          "type": "aws_route_table_association",
          "name": "ts_aws_route_table_association_private_ngw",
          "provider_config_key": "aws",
          "expressions": {
            "route_table_id": {
              "references": [
                "aws_route_table.ts_aws_route_table_private_ngw.id",
                "aws_route_table.ts_aws_route_table_private_ngw"
              ]
            },
            "subnet_id": {
              "references": [
                "aws_subnet.ts_aws_subnet_private_ngw.id",
                "aws_subnet.ts_aws_subnet_private_ngw"
              ]
            }
          },
          "schema_version": 0
        },
        {
          "address": "aws_route_table_association.ts_aws_route_table_association_public_igw",
          "mode": "managed",
          "type": "aws_route_table_association",
          "name": "ts_aws_route_table_association_public_igw",
          "provider_config_key": "aws",
          "expressions": {
            "route_table_id": {
              "references": [
                "aws_route_table.ts_aws_route_table_public_igw.id",
                "aws_route_table.ts_aws_route_table_public_igw"
              ]
            },
            "subnet_id": {
              "references": [
                "aws_subnet.ts_aws_subnet_public_igw.id",
                "aws_subnet.ts_aws_subnet_public_igw"
              ]
            }
          },
          "schema_version": 0
        },
        {
          "address": "aws_subnet.ts_aws_subnet_private_isolated",
          "mode": "managed",
          "type": "aws_subnet",
          "name": "ts_aws_subnet_private_isolated",
          "provider_config_key": "aws",
          "expressions": {
            "cidr_block": {
              "references": [
                "aws_vpc.ts_aws_vpc.cidr_block",
                "aws_vpc.ts_aws_vpc",
                "var.ts_aws_vpc_cidr_newbits"
              ]
            },
            "vpc_id": {
              "references": [
                "aws_vpc.ts_aws_vpc.id",
                "aws_vpc.ts_aws_vpc"
              ]
            }
          },
          "schema_version": 1
        },
        {
          "address": "aws_subnet.ts_aws_subnet_private_ngw",
          "mode": "managed",
          "type": "aws_subnet",
          "name": "ts_aws_subnet_private_ngw",
          "provider_config_key": "aws",
          "expressions": {
            "cidr_block": {
              "references": [
                "aws_vpc.ts_aws_vpc.cidr_block",
                "aws_vpc.ts_aws_vpc",
                "var.ts_aws_vpc_cidr_newbits"
              ]
            },
            "vpc_id": {
              "references": [
                "aws_vpc.ts_aws_vpc.id",
                "aws_vpc.ts_aws_vpc"
              ]
            }
          },
          "schema_version": 1
        },
        {
          "address": "aws_subnet.ts_aws_subnet_public_igw",
          "mode": "managed",
          "type": "aws_subnet",
          "name": "ts_aws_subnet_public_igw",
          "provider_config_key": "aws",
          "expressions": {
            "cidr_block": {
              "references": [
                "aws_vpc.ts_aws_vpc.cidr_block",
                "aws_vpc.ts_aws_vpc",
                "var.ts_aws_vpc_cidr_newbits"
              ]
            },
            "map_public_ip_on_launch": {
              "constant_value": true
            },
            "vpc_id": {
              "references": [
                "aws_vpc.ts_aws_vpc.id",
                "aws_vpc.ts_aws_vpc"
              ]
            }
          },
          "schema_version": 1
        },
        {
          "address": "aws_vpc.ts_aws_vpc",
          "mode": "managed",
          "type": "aws_vpc",
          "name": "ts_aws_vpc",
          "provider_config_key": "aws",
          "expressions": {
            "cidr_block": {
              "references": [
                "var.ts_aws_vpc_cidr_block"
              ]
            },
            "enable_dns_hostnames": {
              "constant_value": true
            },
            "instance_tenancy": {
              "constant_value": "default"
            }
          },
          "schema_version": 1
        }
      ],
      "variables": {
        "other_aws_vpc_cidr_block": {
          "default": "10.0.0.0/16",
          "description": "TinyStacks AWS VPC CIDR block"
        },
        "other_aws_vpc_cidr_newbits": {
          "default": 4,
          "description": "TinyStacks AWS VPC CIDR new bits"
        },
        "ts_aws_vpc_cidr_block": {
          "default": "10.0.0.0/16",
          "description": "TinyStacks AWS VPC CIDR block"
        },
        "ts_aws_vpc_cidr_newbits": {
          "default": 4,
          "description": "TinyStacks AWS VPC CIDR new bits"
        }
      }
    }
  },
  "relevant_attributes": [
    {
      "resource": "aws_vpc.ts_aws_vpc",
      "attribute": [
        "cidr_block"
      ]
    },
    {
      "resource": "aws_subnet.ts_aws_subnet_private_isolated",
      "attribute": [
        "id"
      ]
    },
    {
      "resource": "aws_route_table.ts_aws_route_table_private_isolated",
      "attribute": [
        "id"
      ]
    },
    {
      "resource": "aws_nat_gateway.ts_aws_nat_gateway",
      "attribute": [
        "id"
      ]
    },
    {
      "resource": "aws_route_table.ts_aws_route_table_public_igw",
      "attribute": [
        "id"
      ]
    },
    {
      "resource": "aws_subnet.ts_aws_subnet_public_igw",
      "attribute": [
        "id"
      ]
    },
    {
      "resource": "aws_eip.ts_aws_eip_nat",
      "attribute": [
        "id"
      ]
    },
    {
      "resource": "aws_vpc.ts_aws_vpc",
      "attribute": [
        "id"
      ]
    },
    {
      "resource": "aws_route_table.ts_aws_route_table_private_ngw",
      "attribute": [
        "id"
      ]
    },
    {
      "resource": "aws_subnet.ts_aws_subnet_private_ngw",
      "attribute": [
        "id"
      ]
    },
    {
      "resource": "aws_internet_gateway.ts_aws_internet_gateway",
      "attribute": [
        "id"
      ]
    }
  ]
}